// !$*UTF8*$!
{
	archiveVersion = 1;
	classes = {
	};
	objectVersion = 46;
	objects = {

/* Begin PBXBuildFile section */
		168103F01658016F00AA3A8C /* UIKit.framework in Frameworks */ = {isa = PBXBuildFile; fileRef = 168103EF1658016F00AA3A8C /* UIKit.framework */; };
		168103F21658016F00AA3A8C /* Foundation.framework in Frameworks */ = {isa = PBXBuildFile; fileRef = 168103F11658016F00AA3A8C /* Foundation.framework */; };
		168103F41658016F00AA3A8C /* CoreGraphics.framework in Frameworks */ = {isa = PBXBuildFile; fileRef = 168103F31658016F00AA3A8C /* CoreGraphics.framework */; };
		168103FA1658016F00AA3A8C /* InfoPlist.strings in Resources */ = {isa = PBXBuildFile; fileRef = 168103F81658016F00AA3A8C /* InfoPlist.strings */; };
		168103FC1658016F00AA3A8C /* main.m in Sources */ = {isa = PBXBuildFile; fileRef = 168103FB1658016F00AA3A8C /* main.m */; };
		168104001658016F00AA3A8C /* UVAppDelegate.m in Sources */ = {isa = PBXBuildFile; fileRef = 168103FF1658016F00AA3A8C /* UVAppDelegate.m */; };
		168104021658016F00AA3A8C /* Default.png in Resources */ = {isa = PBXBuildFile; fileRef = 168104011658016F00AA3A8C /* Default.png */; };
		168104041658016F00AA3A8C /* Default@2x.png in Resources */ = {isa = PBXBuildFile; fileRef = 168104031658016F00AA3A8C /* Default@2x.png */; };
		168104061658016F00AA3A8C /* Default-568h@2x.png in Resources */ = {isa = PBXBuildFile; fileRef = 168104051658016F00AA3A8C /* Default-568h@2x.png */; };
		168104091658016F00AA3A8C /* UVViewController.m in Sources */ = {isa = PBXBuildFile; fileRef = 168104081658016F00AA3A8C /* UVViewController.m */; };
		1681040C1658016F00AA3A8C /* UVViewController.xib in Resources */ = {isa = PBXBuildFile; fileRef = 1681040A1658016F00AA3A8C /* UVViewController.xib */; };
		16810415165804F400AA3A8C /* AllVenturesViewController.m in Sources */ = {isa = PBXBuildFile; fileRef = 16810413165804F400AA3A8C /* AllVenturesViewController.m */; };
		16810416165804F400AA3A8C /* AllVenturesViewController.xib in Resources */ = {isa = PBXBuildFile; fileRef = 16810414165804F400AA3A8C /* AllVenturesViewController.xib */; };
		1681041F16580A2700AA3A8C /* UVCell.xib in Resources */ = {isa = PBXBuildFile; fileRef = 1681041E16580A2700AA3A8C /* UVCell.xib */; };
		1681042116580E4E00AA3A8C /* most.jpg in Resources */ = {isa = PBXBuildFile; fileRef = 1681042016580E4E00AA3A8C /* most.jpg */; };
		16810427165818A700AA3A8C /* country.png in Resources */ = {isa = PBXBuildFile; fileRef = 16810423165818A700AA3A8C /* country.png */; };
		16810428165818A700AA3A8C /* country@2x.png in Resources */ = {isa = PBXBuildFile; fileRef = 16810424165818A700AA3A8C /* country@2x.png */; };
		16810429165818A700AA3A8C /* details-photo-mask.png in Resources */ = {isa = PBXBuildFile; fileRef = 16810425165818A700AA3A8C /* details-photo-mask.png */; };
		1681042A165818A700AA3A8C /* details-photo-mask@2x.png in Resources */ = {isa = PBXBuildFile; fileRef = 16810426165818A700AA3A8C /* details-photo-mask@2x.png */; };
		1681042D165818B000AA3A8C /* ingredients-list.png in Resources */ = {isa = PBXBuildFile; fileRef = 1681042B165818B000AA3A8C /* ingredients-list.png */; };
		1681042E165818B000AA3A8C /* ingredients-list@2x.png in Resources */ = {isa = PBXBuildFile; fileRef = 1681042C165818B000AA3A8C /* ingredients-list@2x.png */; };
		16810431165818BD00AA3A8C /* input-text.png in Resources */ = {isa = PBXBuildFile; fileRef = 1681042F165818BD00AA3A8C /* input-text.png */; };
		16810432165818BD00AA3A8C /* input-text@2x.png in Resources */ = {isa = PBXBuildFile; fileRef = 16810430165818BD00AA3A8C /* input-text@2x.png */; };
		16810435165818C700AA3A8C /* list-mask.png in Resources */ = {isa = PBXBuildFile; fileRef = 16810433165818C700AA3A8C /* list-mask.png */; };
		16810436165818C700AA3A8C /* list-mask@2x.png in Resources */ = {isa = PBXBuildFile; fileRef = 16810434165818C700AA3A8C /* list-mask@2x.png */; };
		168104391658190A00AA3A8C /* step-bullet.png in Resources */ = {isa = PBXBuildFile; fileRef = 168104371658190A00AA3A8C /* step-bullet.png */; };
		1681043A1658190A00AA3A8C /* step-bullet@2x.png in Resources */ = {isa = PBXBuildFile; fileRef = 168104381658190A00AA3A8C /* step-bullet@2x.png */; };
		1681043C16581BCB00AA3A8C /* dollarsign.png in Resources */ = {isa = PBXBuildFile; fileRef = 1681043B16581BCB00AA3A8C /* dollarsign.png */; };
		1681044016581DD500AA3A8C /* VentureDetailViewController.m in Sources */ = {isa = PBXBuildFile; fileRef = 1681043E16581DD500AA3A8C /* VentureDetailViewController.m */; };
		1681044116581DD500AA3A8C /* VentureDetailViewController.xib in Resources */ = {isa = PBXBuildFile; fileRef = 1681043F16581DD500AA3A8C /* VentureDetailViewController.xib */; };
		168104431658212900AA3A8C /* univenturefacebook.jpg in Resources */ = {isa = PBXBuildFile; fileRef = 168104421658212900AA3A8C /* univenturefacebook.jpg */; };
		168104451658224400AA3A8C /* gold-circle-no-mat.png in Resources */ = {isa = PBXBuildFile; fileRef = 168104441658224300AA3A8C /* gold-circle-no-mat.png */; };
		168104471658228C00AA3A8C /* frame_circle_fall_1.png in Resources */ = {isa = PBXBuildFile; fileRef = 168104461658228B00AA3A8C /* frame_circle_fall_1.png */; };
		16A9376A16582B8A0095FFCD /* noah.jpg in Resources */ = {isa = PBXBuildFile; fileRef = 16A9376916582B8A0095FFCD /* noah.jpg */; };
		16A9376C16582EC00095FFCD /* most.png in Resources */ = {isa = PBXBuildFile; fileRef = 16A9376B16582EC00095FFCD /* most.png */; };
		16A9376E165833050095FFCD /* kyle.png in Resources */ = {isa = PBXBuildFile; fileRef = 16A9376D165833050095FFCD /* kyle.png */; };
		16A937711658421E0095FFCD /* list-item.png in Resources */ = {isa = PBXBuildFile; fileRef = 16A9376F1658421D0095FFCD /* list-item.png */; };
		16A937721658421E0095FFCD /* list-item@2x.png in Resources */ = {isa = PBXBuildFile; fileRef = 16A937701658421E0095FFCD /* list-item@2x.png */; };
		16A93775165843F30095FFCD /* Venture.m in Sources */ = {isa = PBXBuildFile; fileRef = 16A93774165843F20095FFCD /* Venture.m */; };
		16A9377716584D590095FFCD /* eye.png in Resources */ = {isa = PBXBuildFile; fileRef = 16A9377616584D590095FFCD /* eye.png */; };
		16C9D473165858E90069449C /* OtherCell.xib in Resources */ = {isa = PBXBuildFile; fileRef = 16C9D472165858E90069449C /* OtherCell.xib */; };
		16C9D478165867060069449C /* bottomcurl2.png in Resources */ = {isa = PBXBuildFile; fileRef = 16C9D477165867050069449C /* bottomcurl2.png */; };
		16C9D47A16586B0F0069449C /* raccoon.jpg in Resources */ = {isa = PBXBuildFile; fileRef = 16C9D47916586B0F0069449C /* raccoon.jpg */; };
		16C9D47C16586B270069449C /* quick_cite_img.jpg in Resources */ = {isa = PBXBuildFile; fileRef = 16C9D47B16586B270069449C /* quick_cite_img.jpg */; };
		16C9D47E16586B300069449C /* flower.JPG in Resources */ = {isa = PBXBuildFile; fileRef = 16C9D47D16586B300069449C /* flower.JPG */; };
		16C9D48016586B3B0069449C /* sunset.jpg in Resources */ = {isa = PBXBuildFile; fileRef = 16C9D47F16586B3B0069449C /* sunset.jpg */; };
		16C9D48216586D980069449C /* appdev.png in Resources */ = {isa = PBXBuildFile; fileRef = 16C9D48116586D980069449C /* appdev.png */; };
		16C9D4891658723A0069449C /* MBProgressHUD.h in Sources */ = {isa = PBXBuildFile; fileRef = 16C9D4871658720D0069449C /* MBProgressHUD.h */; };
		16C9D48A165872440069449C /* MBProgressHUD.m in Sources */ = {isa = PBXBuildFile; fileRef = 16C9D4881658720D0069449C /* MBProgressHUD.m */; };
		16C9D48C165874D90069449C /* small_eye.png in Resources */ = {isa = PBXBuildFile; fileRef = 16C9D48B165874D90069449C /* small_eye.png */; };
		16C9D48E165884770069449C /* kate.png in Resources */ = {isa = PBXBuildFile; fileRef = 16C9D48D165884770069449C /* kate.png */; };
		16C9D492165888D00069449C /* jid.png in Resources */ = {isa = PBXBuildFile; fileRef = 16C9D491165888CF0069449C /* jid.png */; };
		16C9D494165889C40069449C /* david.png in Resources */ = {isa = PBXBuildFile; fileRef = 16C9D493165889C40069449C /* david.png */; };
		16C9D498165890710069449C /* FundingViewController.m in Sources */ = {isa = PBXBuildFile; fileRef = 16C9D496165890700069449C /* FundingViewController.m */; };
		16C9D499165890710069449C /* FundingViewController.xib in Resources */ = {isa = PBXBuildFile; fileRef = 16C9D497165890700069449C /* FundingViewController.xib */; };
		16C9D4DB1658A7E60069449C /* dollarsss.png in Resources */ = {isa = PBXBuildFile; fileRef = 16C9D4DA1658A7E50069449C /* dollarsss.png */; };
		16C9D4DD1658A8890069449C /* dollarsmall.png in Resources */ = {isa = PBXBuildFile; fileRef = 16C9D4DC1658A8880069449C /* dollarsmall.png */; };
		16C9D4DF1658B0280069449C /* check.jpg in Resources */ = {isa = PBXBuildFile; fileRef = 16C9D4DE1658B0270069449C /* check.jpg */; };
		16C9D4E11658B1BF0069449C /* checkmark.jpeg in Resources */ = {isa = PBXBuildFile; fileRef = 16C9D4E01658B1BE0069449C /* checkmark.jpeg */; };
		16C9D4E31658B2C60069449C /* refcheckmark.png in Resources */ = {isa = PBXBuildFile; fileRef = 16C9D4E21658B2C60069449C /* refcheckmark.png */; };
		16C9D4E61659593D0069449C /* dwollabutton.png in Resources */ = {isa = PBXBuildFile; fileRef = 16C9D4E51659593C0069449C /* dwollabutton.png */; };
/* End PBXBuildFile section */

/* Begin PBXFileReference section */
		168103EB1658016F00AA3A8C /* Univenture.app */ = {isa = PBXFileReference; explicitFileType = wrapper.application; includeInIndex = 0; path = Univenture.app; sourceTree = BUILT_PRODUCTS_DIR; };
		168103EF1658016F00AA3A8C /* UIKit.framework */ = {isa = PBXFileReference; lastKnownFileType = wrapper.framework; name = UIKit.framework; path = System/Library/Frameworks/UIKit.framework; sourceTree = SDKROOT; };
		168103F11658016F00AA3A8C /* Foundation.framework */ = {isa = PBXFileReference; lastKnownFileType = wrapper.framework; name = Foundation.framework; path = System/Library/Frameworks/Foundation.framework; sourceTree = SDKROOT; };
		168103F31658016F00AA3A8C /* CoreGraphics.framework */ = {isa = PBXFileReference; lastKnownFileType = wrapper.framework; name = CoreGraphics.framework; path = System/Library/Frameworks/CoreGraphics.framework; sourceTree = SDKROOT; };
		168103F71658016F00AA3A8C /* Univenture-Info.plist */ = {isa = PBXFileReference; lastKnownFileType = text.plist.xml; path = "Univenture-Info.plist"; sourceTree = "<group>"; };
		168103F91658016F00AA3A8C /* en */ = {isa = PBXFileReference; lastKnownFileType = text.plist.strings; name = en; path = en.lproj/InfoPlist.strings; sourceTree = "<group>"; };
		168103FB1658016F00AA3A8C /* main.m */ = {isa = PBXFileReference; lastKnownFileType = sourcecode.c.objc; path = main.m; sourceTree = "<group>"; };
		168103FD1658016F00AA3A8C /* Univenture-Prefix.pch */ = {isa = PBXFileReference; lastKnownFileType = sourcecode.c.h; path = "Univenture-Prefix.pch"; sourceTree = "<group>"; };
		168103FE1658016F00AA3A8C /* UVAppDelegate.h */ = {isa = PBXFileReference; lastKnownFileType = sourcecode.c.h; path = UVAppDelegate.h; sourceTree = "<group>"; };
		168103FF1658016F00AA3A8C /* UVAppDelegate.m */ = {isa = PBXFileReference; lastKnownFileType = sourcecode.c.objc; path = UVAppDelegate.m; sourceTree = "<group>"; };
		168104011658016F00AA3A8C /* Default.png */ = {isa = PBXFileReference; lastKnownFileType = image.png; path = Default.png; sourceTree = "<group>"; };
		168104031658016F00AA3A8C /* Default@2x.png */ = {isa = PBXFileReference; lastKnownFileType = image.png; path = "Default@2x.png"; sourceTree = "<group>"; };
		168104051658016F00AA3A8C /* Default-568h@2x.png */ = {isa = PBXFileReference; lastKnownFileType = image.png; path = "Default-568h@2x.png"; sourceTree = "<group>"; };
		168104071658016F00AA3A8C /* UVViewController.h */ = {isa = PBXFileReference; lastKnownFileType = sourcecode.c.h; path = UVViewController.h; sourceTree = "<group>"; };
		168104081658016F00AA3A8C /* UVViewController.m */ = {isa = PBXFileReference; lastKnownFileType = sourcecode.c.objc; path = UVViewController.m; sourceTree = "<group>"; };
		1681040B1658016F00AA3A8C /* en */ = {isa = PBXFileReference; lastKnownFileType = file.xib; name = en; path = en.lproj/UVViewController.xib; sourceTree = "<group>"; };
		16810412165804F400AA3A8C /* AllVenturesViewController.h */ = {isa = PBXFileReference; fileEncoding = 4; lastKnownFileType = sourcecode.c.h; path = AllVenturesViewController.h; sourceTree = "<group>"; };
		16810413165804F400AA3A8C /* AllVenturesViewController.m */ = {isa = PBXFileReference; fileEncoding = 4; lastKnownFileType = sourcecode.c.objc; path = AllVenturesViewController.m; sourceTree = "<group>"; };
		16810414165804F400AA3A8C /* AllVenturesViewController.xib */ = {isa = PBXFileReference; fileEncoding = 4; lastKnownFileType = file.xib; path = AllVenturesViewController.xib; sourceTree = "<group>"; };
		1681041E16580A2700AA3A8C /* UVCell.xib */ = {isa = PBXFileReference; fileEncoding = 4; lastKnownFileType = file.xib; path = UVCell.xib; sourceTree = "<group>"; };
		1681042016580E4E00AA3A8C /* most.jpg */ = {isa = PBXFileReference; lastKnownFileType = image.jpeg; path = most.jpg; sourceTree = "<group>"; };
		16810423165818A700AA3A8C /* country.png */ = {isa = PBXFileReference; lastKnownFileType = image.png; path = country.png; sourceTree = "<group>"; };
		16810424165818A700AA3A8C /* country@2x.png */ = {isa = PBXFileReference; lastKnownFileType = image.png; path = "country@2x.png"; sourceTree = "<group>"; };
		16810425165818A700AA3A8C /* details-photo-mask.png */ = {isa = PBXFileReference; lastKnownFileType = image.png; path = "details-photo-mask.png"; sourceTree = "<group>"; };
		16810426165818A700AA3A8C /* details-photo-mask@2x.png */ = {isa = PBXFileReference; lastKnownFileType = image.png; path = "details-photo-mask@2x.png"; sourceTree = "<group>"; };
		1681042B165818B000AA3A8C /* ingredients-list.png */ = {isa = PBXFileReference; lastKnownFileType = image.png; path = "ingredients-list.png"; sourceTree = "<group>"; };
		1681042C165818B000AA3A8C /* ingredients-list@2x.png */ = {isa = PBXFileReference; lastKnownFileType = image.png; path = "ingredients-list@2x.png"; sourceTree = "<group>"; };
		1681042F165818BD00AA3A8C /* input-text.png */ = {isa = PBXFileReference; lastKnownFileType = image.png; path = "input-text.png"; sourceTree = "<group>"; };
		16810430165818BD00AA3A8C /* input-text@2x.png */ = {isa = PBXFileReference; lastKnownFileType = image.png; path = "input-text@2x.png"; sourceTree = "<group>"; };
		16810433165818C700AA3A8C /* list-mask.png */ = {isa = PBXFileReference; lastKnownFileType = image.png; path = "list-mask.png"; sourceTree = "<group>"; };
		16810434165818C700AA3A8C /* list-mask@2x.png */ = {isa = PBXFileReference; lastKnownFileType = image.png; path = "list-mask@2x.png"; sourceTree = "<group>"; };
		168104371658190A00AA3A8C /* step-bullet.png */ = {isa = PBXFileReference; lastKnownFileType = image.png; path = "step-bullet.png"; sourceTree = "<group>"; };
		168104381658190A00AA3A8C /* step-bullet@2x.png */ = {isa = PBXFileReference; lastKnownFileType = image.png; path = "step-bullet@2x.png"; sourceTree = "<group>"; };
		1681043B16581BCB00AA3A8C /* dollarsign.png */ = {isa = PBXFileReference; lastKnownFileType = image.png; path = dollarsign.png; sourceTree = "<group>"; };
		1681043D16581DD400AA3A8C /* VentureDetailViewController.h */ = {isa = PBXFileReference; fileEncoding = 4; lastKnownFileType = sourcecode.c.h; path = VentureDetailViewController.h; sourceTree = "<group>"; };
		1681043E16581DD500AA3A8C /* VentureDetailViewController.m */ = {isa = PBXFileReference; fileEncoding = 4; lastKnownFileType = sourcecode.c.objc; path = VentureDetailViewController.m; sourceTree = "<group>"; };
		1681043F16581DD500AA3A8C /* VentureDetailViewController.xib */ = {isa = PBXFileReference; fileEncoding = 4; lastKnownFileType = file.xib; path = VentureDetailViewController.xib; sourceTree = "<group>"; };
		168104421658212900AA3A8C /* univenturefacebook.jpg */ = {isa = PBXFileReference; lastKnownFileType = image.jpeg; path = univenturefacebook.jpg; sourceTree = "<group>"; };
		168104441658224300AA3A8C /* gold-circle-no-mat.png */ = {isa = PBXFileReference; lastKnownFileType = image.png; path = "gold-circle-no-mat.png"; sourceTree = "<group>"; };
		168104461658228B00AA3A8C /* frame_circle_fall_1.png */ = {isa = PBXFileReference; lastKnownFileType = image.png; path = frame_circle_fall_1.png; sourceTree = "<group>"; };
		16A9376916582B8A0095FFCD /* noah.jpg */ = {isa = PBXFileReference; lastKnownFileType = image.jpeg; path = noah.jpg; sourceTree = "<group>"; };
		16A9376B16582EC00095FFCD /* most.png */ = {isa = PBXFileReference; lastKnownFileType = image.png; path = most.png; sourceTree = "<group>"; };
		16A9376D165833050095FFCD /* kyle.png */ = {isa = PBXFileReference; lastKnownFileType = image.png; path = kyle.png; sourceTree = "<group>"; };
		16A9376F1658421D0095FFCD /* list-item.png */ = {isa = PBXFileReference; lastKnownFileType = image.png; path = "list-item.png"; sourceTree = "<group>"; };
		16A937701658421E0095FFCD /* list-item@2x.png */ = {isa = PBXFileReference; lastKnownFileType = image.png; path = "list-item@2x.png"; sourceTree = "<group>"; };
		16A93773165843F20095FFCD /* Venture.h */ = {isa = PBXFileReference; fileEncoding = 4; lastKnownFileType = sourcecode.c.h; path = Venture.h; sourceTree = "<group>"; };
		16A93774165843F20095FFCD /* Venture.m */ = {isa = PBXFileReference; fileEncoding = 4; lastKnownFileType = sourcecode.c.objc; path = Venture.m; sourceTree = "<group>"; };
		16A9377616584D590095FFCD /* eye.png */ = {isa = PBXFileReference; lastKnownFileType = image.png; path = eye.png; sourceTree = "<group>"; };
		16C9D472165858E90069449C /* OtherCell.xib */ = {isa = PBXFileReference; fileEncoding = 4; lastKnownFileType = file.xib; path = OtherCell.xib; sourceTree = "<group>"; };
		16C9D477165867050069449C /* bottomcurl2.png */ = {isa = PBXFileReference; lastKnownFileType = image.png; path = bottomcurl2.png; sourceTree = "<group>"; };
		16C9D47916586B0F0069449C /* raccoon.jpg */ = {isa = PBXFileReference; lastKnownFileType = image.jpeg; path = raccoon.jpg; sourceTree = "<group>"; };
		16C9D47B16586B270069449C /* quick_cite_img.jpg */ = {isa = PBXFileReference; lastKnownFileType = image.jpeg; path = quick_cite_img.jpg; sourceTree = "<group>"; };
		16C9D47D16586B300069449C /* flower.JPG */ = {isa = PBXFileReference; lastKnownFileType = image.jpeg; path = flower.JPG; sourceTree = "<group>"; };
		16C9D47F16586B3B0069449C /* sunset.jpg */ = {isa = PBXFileReference; lastKnownFileType = image.jpeg; path = sunset.jpg; sourceTree = "<group>"; };
		16C9D48116586D980069449C /* appdev.png */ = {isa = PBXFileReference; lastKnownFileType = image.png; path = appdev.png; sourceTree = "<group>"; };
		16C9D4871658720D0069449C /* MBProgressHUD.h */ = {isa = PBXFileReference; lastKnownFileType = sourcecode.c.h; path = MBProgressHUD.h; sourceTree = "<group>"; };
		16C9D4881658720D0069449C /* MBProgressHUD.m */ = {isa = PBXFileReference; lastKnownFileType = sourcecode.c.objc; path = MBProgressHUD.m; sourceTree = "<group>"; };
		16C9D48B165874D90069449C /* small_eye.png */ = {isa = PBXFileReference; lastKnownFileType = image.png; path = small_eye.png; sourceTree = "<group>"; };
		16C9D48D165884770069449C /* kate.png */ = {isa = PBXFileReference; lastKnownFileType = image.png; path = kate.png; sourceTree = "<group>"; };
		16C9D491165888CF0069449C /* jid.png */ = {isa = PBXFileReference; lastKnownFileType = image.png; path = jid.png; sourceTree = "<group>"; };
		16C9D493165889C40069449C /* david.png */ = {isa = PBXFileReference; lastKnownFileType = image.png; path = david.png; sourceTree = "<group>"; };
		16C9D4951658906F0069449C /* FundingViewController.h */ = {isa = PBXFileReference; fileEncoding = 4; lastKnownFileType = sourcecode.c.h; path = FundingViewController.h; sourceTree = "<group>"; };
		16C9D496165890700069449C /* FundingViewController.m */ = {isa = PBXFileReference; fileEncoding = 4; lastKnownFileType = sourcecode.c.objc; path = FundingViewController.m; sourceTree = "<group>"; };
		16C9D497165890700069449C /* FundingViewController.xib */ = {isa = PBXFileReference; fileEncoding = 4; lastKnownFileType = file.xib; path = FundingViewController.xib; sourceTree = "<group>"; };
		16C9D4DA1658A7E50069449C /* dollarsss.png */ = {isa = PBXFileReference; lastKnownFileType = image.png; path = dollarsss.png; sourceTree = "<group>"; };
		16C9D4DC1658A8880069449C /* dollarsmall.png */ = {isa = PBXFileReference; lastKnownFileType = image.png; path = dollarsmall.png; sourceTree = "<group>"; };
		16C9D4DE1658B0270069449C /* check.jpg */ = {isa = PBXFileReference; lastKnownFileType = image.jpeg; path = check.jpg; sourceTree = "<group>"; };
		16C9D4E01658B1BE0069449C /* checkmark.jpeg */ = {isa = PBXFileReference; lastKnownFileType = image.jpeg; path = checkmark.jpeg; sourceTree = "<group>"; };
		16C9D4E21658B2C60069449C /* refcheckmark.png */ = {isa = PBXFileReference; lastKnownFileType = image.png; path = refcheckmark.png; sourceTree = "<group>"; };
		16C9D4E51659593C0069449C /* dwollabutton.png */ = {isa = PBXFileReference; lastKnownFileType = image.png; path = dwollabutton.png; sourceTree = "<group>"; };
/* End PBXFileReference section */

/* Begin PBXFrameworksBuildPhase section */
		168103E81658016F00AA3A8C /* Frameworks */ = {
			isa = PBXFrameworksBuildPhase;
			buildActionMask = 2147483647;
			files = (
				168103F01658016F00AA3A8C /* UIKit.framework in Frameworks */,
				168103F21658016F00AA3A8C /* Foundation.framework in Frameworks */,
				168103F41658016F00AA3A8C /* CoreGraphics.framework in Frameworks */,
			);
			runOnlyForDeploymentPostprocessing = 0;
		};
/* End PBXFrameworksBuildPhase section */

/* Begin PBXGroup section */
		168103E01658016F00AA3A8C = {
			isa = PBXGroup;
			children = (
				168103F51658016F00AA3A8C /* Univenture */,
				168103EE1658016F00AA3A8C /* Frameworks */,
				168103EC1658016F00AA3A8C /* Products */,
			);
			sourceTree = "<group>";
		};
		168103EC1658016F00AA3A8C /* Products */ = {
			isa = PBXGroup;
			children = (
				168103EB1658016F00AA3A8C /* Univenture.app */,
			);
			name = Products;
			sourceTree = "<group>";
		};
		168103EE1658016F00AA3A8C /* Frameworks */ = {
			isa = PBXGroup;
			children = (
				168103EF1658016F00AA3A8C /* UIKit.framework */,
				168103F11658016F00AA3A8C /* Foundation.framework */,
				168103F31658016F00AA3A8C /* CoreGraphics.framework */,
			);
			name = Frameworks;
			sourceTree = "<group>";
		};
		168103F51658016F00AA3A8C /* Univenture */ = {
			isa = PBXGroup;
			children = (
				1681042216580E5300AA3A8C /* Assets */,
				168103FE1658016F00AA3A8C /* UVAppDelegate.h */,
				168103FF1658016F00AA3A8C /* UVAppDelegate.m */,
				16C9D4871658720D0069449C /* MBProgressHUD.h */,
				16C9D4881658720D0069449C /* MBProgressHUD.m */,
				168104071658016F00AA3A8C /* UVViewController.h */,
				1681040A1658016F00AA3A8C /* UVViewController.xib */,
				16810412165804F400AA3A8C /* AllVenturesViewController.h */,
				16810413165804F400AA3A8C /* AllVenturesViewController.m */,
				16810414165804F400AA3A8C /* AllVenturesViewController.xib */,
				1681041E16580A2700AA3A8C /* UVCell.xib */,
				168104081658016F00AA3A8C /* UVViewController.m */,
				16C9D472165858E90069449C /* OtherCell.xib */,
				1681043D16581DD400AA3A8C /* VentureDetailViewController.h */,
				1681043E16581DD500AA3A8C /* VentureDetailViewController.m */,
				1681043F16581DD500AA3A8C /* VentureDetailViewController.xib */,
				16C9D4951658906F0069449C /* FundingViewController.h */,
				16C9D496165890700069449C /* FundingViewController.m */,
				16C9D497165890700069449C /* FundingViewController.xib */,
				16A93773165843F20095FFCD /* Venture.h */,
				16A93774165843F20095FFCD /* Venture.m */,
				168103F61658016F00AA3A8C /* Supporting Files */,
			);
			path = Univenture;
			sourceTree = "<group>";
		};
		168103F61658016F00AA3A8C /* Supporting Files */ = {
			isa = PBXGroup;
			children = (
				168103F71658016F00AA3A8C /* Univenture-Info.plist */,
				168103F81658016F00AA3A8C /* InfoPlist.strings */,
				168103FB1658016F00AA3A8C /* main.m */,
				168103FD1658016F00AA3A8C /* Univenture-Prefix.pch */,
				168104011658016F00AA3A8C /* Default.png */,
				168104031658016F00AA3A8C /* Default@2x.png */,
				168104051658016F00AA3A8C /* Default-568h@2x.png */,
			);
			name = "Supporting Files";
			sourceTree = "<group>";
		};
		1681042216580E5300AA3A8C /* Assets */ = {
			isa = PBXGroup;
			children = (
				16C9D4E51659593C0069449C /* dwollabutton.png */,
				16C9D48116586D980069449C /* appdev.png */,
				16C9D477165867050069449C /* bottomcurl2.png */,
				16A9376D165833050095FFCD /* kyle.png */,
				16A9376916582B8A0095FFCD /* noah.jpg */,
				168104441658224300AA3A8C /* gold-circle-no-mat.png */,
				16A9376B16582EC00095FFCD /* most.png */,
				168104461658228B00AA3A8C /* frame_circle_fall_1.png */,
				168104421658212900AA3A8C /* univenturefacebook.jpg */,
				1681042016580E4E00AA3A8C /* most.jpg */,
				16C9D48B165874D90069449C /* small_eye.png */,
				16810423165818A700AA3A8C /* country.png */,
				16C9D48D165884770069449C /* kate.png */,
				16810424165818A700AA3A8C /* country@2x.png */,
				16810425165818A700AA3A8C /* details-photo-mask.png */,
				16810426165818A700AA3A8C /* details-photo-mask@2x.png */,
				1681042B165818B000AA3A8C /* ingredients-list.png */,
				1681042C165818B000AA3A8C /* ingredients-list@2x.png */,
				1681042F165818BD00AA3A8C /* input-text.png */,
				16C9D47916586B0F0069449C /* raccoon.jpg */,
				16C9D47D16586B300069449C /* flower.JPG */,
				16C9D47B16586B270069449C /* quick_cite_img.jpg */,
				16810430165818BD00AA3A8C /* input-text@2x.png */,
				16810433165818C700AA3A8C /* list-mask.png */,
				16810434165818C700AA3A8C /* list-mask@2x.png */,
				168104371658190A00AA3A8C /* step-bullet.png */,
				168104381658190A00AA3A8C /* step-bullet@2x.png */,
				16A9376F1658421D0095FFCD /* list-item.png */,
				16A937701658421E0095FFCD /* list-item@2x.png */,
				1681043B16581BCB00AA3A8C /* dollarsign.png */,
				16A9377616584D590095FFCD /* eye.png */,
				16C9D491165888CF0069449C /* jid.png */,
				16C9D47F16586B3B0069449C /* sunset.jpg */,
				16C9D493165889C40069449C /* david.png */,
				16C9D4DA1658A7E50069449C /* dollarsss.png */,
				16C9D4DC1658A8880069449C /* dollarsmall.png */,
				16C9D4DE1658B0270069449C /* check.jpg */,
				16C9D4E01658B1BE0069449C /* checkmark.jpeg */,
				16C9D4E21658B2C60069449C /* refcheckmark.png */,
			);
			name = Assets;
			sourceTree = "<group>";
		};
/* End PBXGroup section */

/* Begin PBXNativeTarget section */
		168103EA1658016F00AA3A8C /* Univenture */ = {
			isa = PBXNativeTarget;
			buildConfigurationList = 1681040F1658016F00AA3A8C /* Build configuration list for PBXNativeTarget "Univenture" */;
			buildPhases = (
				168103E71658016F00AA3A8C /* Sources */,
				168103E81658016F00AA3A8C /* Frameworks */,
				168103E91658016F00AA3A8C /* Resources */,
			);
			buildRules = (
			);
			dependencies = (
			);
			name = Univenture;
			productName = Univenture;
			productReference = 168103EB1658016F00AA3A8C /* Univenture.app */;
			productType = "com.apple.product-type.application";
		};
/* End PBXNativeTarget section */

/* Begin PBXProject section */
		168103E21658016F00AA3A8C /* Project object */ = {
			isa = PBXProject;
			attributes = {
				CLASSPREFIX = UV;
				LastUpgradeCheck = 0450;
				ORGANIZATIONNAME = "Maijid Moujaled";
			};
			buildConfigurationList = 168103E51658016F00AA3A8C /* Build configuration list for PBXProject "Univenture" */;
			compatibilityVersion = "Xcode 3.2";
			developmentRegion = English;
			hasScannedForEncodings = 0;
			knownRegions = (
				en,
			);
			mainGroup = 168103E01658016F00AA3A8C;
			productRefGroup = 168103EC1658016F00AA3A8C /* Products */;
			projectDirPath = "";
			projectRoot = "";
			targets = (
				168103EA1658016F00AA3A8C /* Univenture */,
			);
		};
/* End PBXProject section */

/* Begin PBXResourcesBuildPhase section */
		168103E91658016F00AA3A8C /* Resources */ = {
			isa = PBXResourcesBuildPhase;
			buildActionMask = 2147483647;
			files = (
				168103FA1658016F00AA3A8C /* InfoPlist.strings in Resources */,
				168104021658016F00AA3A8C /* Default.png in Resources */,
				168104041658016F00AA3A8C /* Default@2x.png in Resources */,
				168104061658016F00AA3A8C /* Default-568h@2x.png in Resources */,
				1681040C1658016F00AA3A8C /* UVViewController.xib in Resources */,
				16810416165804F400AA3A8C /* AllVenturesViewController.xib in Resources */,
				1681041F16580A2700AA3A8C /* UVCell.xib in Resources */,
				1681042116580E4E00AA3A8C /* most.jpg in Resources */,
				16810427165818A700AA3A8C /* country.png in Resources */,
				16810428165818A700AA3A8C /* country@2x.png in Resources */,
				16810429165818A700AA3A8C /* details-photo-mask.png in Resources */,
				1681042A165818A700AA3A8C /* details-photo-mask@2x.png in Resources */,
				1681042D165818B000AA3A8C /* ingredients-list.png in Resources */,
				1681042E165818B000AA3A8C /* ingredients-list@2x.png in Resources */,
				16810431165818BD00AA3A8C /* input-text.png in Resources */,
				16810432165818BD00AA3A8C /* input-text@2x.png in Resources */,
				16810435165818C700AA3A8C /* list-mask.png in Resources */,
				16810436165818C700AA3A8C /* list-mask@2x.png in Resources */,
				168104391658190A00AA3A8C /* step-bullet.png in Resources */,
				1681043A1658190A00AA3A8C /* step-bullet@2x.png in Resources */,
				1681043C16581BCB00AA3A8C /* dollarsign.png in Resources */,
				1681044116581DD500AA3A8C /* VentureDetailViewController.xib in Resources */,
				168104431658212900AA3A8C /* univenturefacebook.jpg in Resources */,
				168104451658224400AA3A8C /* gold-circle-no-mat.png in Resources */,
				168104471658228C00AA3A8C /* frame_circle_fall_1.png in Resources */,
				16A9376A16582B8A0095FFCD /* noah.jpg in Resources */,
				16A9376C16582EC00095FFCD /* most.png in Resources */,
				16A9376E165833050095FFCD /* kyle.png in Resources */,
				16A937711658421E0095FFCD /* list-item.png in Resources */,
				16A937721658421E0095FFCD /* list-item@2x.png in Resources */,
				16A9377716584D590095FFCD /* eye.png in Resources */,
				16C9D473165858E90069449C /* OtherCell.xib in Resources */,
				16C9D478165867060069449C /* bottomcurl2.png in Resources */,
				16C9D47A16586B0F0069449C /* raccoon.jpg in Resources */,
				16C9D47C16586B270069449C /* quick_cite_img.jpg in Resources */,
				16C9D47E16586B300069449C /* flower.JPG in Resources */,
				16C9D48016586B3B0069449C /* sunset.jpg in Resources */,
				16C9D48216586D980069449C /* appdev.png in Resources */,
				16C9D48C165874D90069449C /* small_eye.png in Resources */,
				16C9D48E165884770069449C /* kate.png in Resources */,
				16C9D492165888D00069449C /* jid.png in Resources */,
				16C9D494165889C40069449C /* david.png in Resources */,
				16C9D499165890710069449C /* FundingViewController.xib in Resources */,
				16C9D4DB1658A7E60069449C /* dollarsss.png in Resources */,
				16C9D4DD1658A8890069449C /* dollarsmall.png in Resources */,
				16C9D4DF1658B0280069449C /* check.jpg in Resources */,
				16C9D4E11658B1BF0069449C /* checkmark.jpeg in Resources */,
				16C9D4E31658B2C60069449C /* refcheckmark.png in Resources */,
				16C9D4E61659593D0069449C /* dwollabutton.png in Resources */,
			);
			runOnlyForDeploymentPostprocessing = 0;
		};
/* End PBXResourcesBuildPhase section */

/* Begin PBXSourcesBuildPhase section */
		168103E71658016F00AA3A8C /* Sources */ = {
			isa = PBXSourcesBuildPhase;
			buildActionMask = 2147483647;
			files = (
				16C9D48A165872440069449C /* MBProgressHUD.m in Sources */,
				16C9D4891658723A0069449C /* MBProgressHUD.h in Sources */,
				168103FC1658016F00AA3A8C /* main.m in Sources */,
				168104001658016F00AA3A8C /* UVAppDelegate.m in Sources */,
				168104091658016F00AA3A8C /* UVViewController.m in Sources */,
				16810415165804F400AA3A8C /* AllVenturesViewController.m in Sources */,
				1681044016581DD500AA3A8C /* VentureDetailViewController.m in Sources */,
				16A93775165843F30095FFCD /* Venture.m in Sources */,
				16C9D498165890710069449C /* FundingViewController.m in Sources */,
			);
			runOnlyForDeploymentPostprocessing = 0;
		};
/* End PBXSourcesBuildPhase section */

/* Begin PBXVariantGroup section */
		168103F81658016F00AA3A8C /* InfoPlist.strings */ = {
			isa = PBXVariantGroup;
			children = (
				168103F91658016F00AA3A8C /* en */,
			);
			name = InfoPlist.strings;
			sourceTree = "<group>";
		};
		1681040A1658016F00AA3A8C /* UVViewController.xib */ = {
			isa = PBXVariantGroup;
			children = (
				1681040B1658016F00AA3A8C /* en */,
			);
			name = UVViewController.xib;
			sourceTree = "<group>";
		};
/* End PBXVariantGroup section */

/* Begin XCBuildConfiguration section */
		1681040D1658016F00AA3A8C /* Debug */ = {
			isa = XCBuildConfiguration;
			buildSettings = {
				ALWAYS_SEARCH_USER_PATHS = NO;
				CLANG_CXX_LANGUAGE_STANDARD = "gnu++0x";
				CLANG_CXX_LIBRARY = "libc++";
				CLANG_ENABLE_OBJC_ARC = YES;
				CLANG_WARN_EMPTY_BODY = YES;
				CLANG_WARN__DUPLICATE_METHOD_MATCH = YES;
				"CODE_SIGN_IDENTITY[sdk=iphoneos*]" = "iPhone Developer";
				COPY_PHASE_STRIP = NO;
				GCC_C_LANGUAGE_STANDARD = gnu99;
				GCC_DYNAMIC_NO_PIC = NO;
				GCC_OPTIMIZATION_LEVEL = 0;
				GCC_PREPROCESSOR_DEFINITIONS = (
					"DEBUG=1",
					"$(inherited)",
				);
				GCC_SYMBOLS_PRIVATE_EXTERN = NO;
				GCC_WARN_ABOUT_RETURN_TYPE = YES;
				GCC_WARN_UNINITIALIZED_AUTOS = YES;
				GCC_WARN_UNUSED_VARIABLE = YES;
				IPHONEOS_DEPLOYMENT_TARGET = 6.0;
				ONLY_ACTIVE_ARCH = YES;
				SDKROOT = iphoneos;
			};
			name = Debug;
		};
		1681040E1658016F00AA3A8C /* Release */ = {
			isa = XCBuildConfiguration;
			buildSettings = {
				ALWAYS_SEARCH_USER_PATHS = NO;
				CLANG_CXX_LANGUAGE_STANDARD = "gnu++0x";
				CLANG_CXX_LIBRARY = "libc++";
				CLANG_ENABLE_OBJC_ARC = YES;
				CLANG_WARN_EMPTY_BODY = YES;
				CLANG_WARN__DUPLICATE_METHOD_MATCH = YES;
				"CODE_SIGN_IDENTITY[sdk=iphoneos*]" = "iPhone Developer";
				COPY_PHASE_STRIP = YES;
				GCC_C_LANGUAGE_STANDARD = gnu99;
				GCC_WARN_ABOUT_RETURN_TYPE = YES;
				GCC_WARN_UNINITIALIZED_AUTOS = YES;
				GCC_WARN_UNUSED_VARIABLE = YES;
				IPHONEOS_DEPLOYMENT_TARGET = 6.0;
				OTHER_CFLAGS = "-DNS_BLOCK_ASSERTIONS=1";
				SDKROOT = iphoneos;
				VALIDATE_PRODUCT = YES;
			};
			name = Release;
		};
		168104101658016F00AA3A8C /* Debug */ = {
			isa = XCBuildConfiguration;
			buildSettings = {
				GCC_PRECOMPILE_PREFIX_HEADER = YES;
				GCC_PREFIX_HEADER = "Univenture/Univenture-Prefix.pch";
				INFOPLIST_FILE = "Univenture/Univenture-Info.plist";
				IPHONEOS_DEPLOYMENT_TARGET = 5.0;
				PRODUCT_NAME = "$(TARGET_NAME)";
				WRAPPER_EXTENSION = app;
			};
			name = Debug;
		};
		168104111658016F00AA3A8C /* Release */ = {
			isa = XCBuildConfiguration;
			buildSettings = {
				GCC_PRECOMPILE_PREFIX_HEADER = YES;
				GCC_PREFIX_HEADER = "Univenture/Univenture-Prefix.pch";
				INFOPLIST_FILE = "Univenture/Univenture-Info.plist";
				IPHONEOS_DEPLOYMENT_TARGET = 5.0;
				PRODUCT_NAME = "$(TARGET_NAME)";
				WRAPPER_EXTENSION = app;
			};
			name = Release;
		};
/* End XCBuildConfiguration section */

/* Begin XCConfigurationList section */
		168103E51658016F00AA3A8C /* Build configuration list for PBXProject "Univenture" */ = {
			isa = XCConfigurationList;
			buildConfigurations = (
				1681040D1658016F00AA3A8C /* Debug */,
				1681040E1658016F00AA3A8C /* Release */,
			);
			defaultConfigurationIsVisible = 0;
			defaultConfigurationName = Release;
		};
		1681040F1658016F00AA3A8C /* Build configuration list for PBXNativeTarget "Univenture" */ = {
			isa = XCConfigurationList;
			buildConfigurations = (
				168104101658016F00AA3A8C /* Debug */,
				168104111658016F00AA3A8C /* Release */,
			);
			defaultConfigurationIsVisible = 0;
			defaultConfigurationName = Release;
		};
/* End XCConfigurationList section */
	};
	rootObject = 168103E21658016F00AA3A8C /* Project object */;
}
